
Microsoft Visual Studio Solution File, Format Version 11.00
# Visual Studio 2010
Project("{FAE04EC0-301F-11D3-BF4B-00C04F79EFBC}") = "software", "Assembly-CSharp-firstpass.csproj", "{729254B4-EEED-57F4-AEA4-92AF42D6AC13}"
EndProject
Project("{FAE04EC0-301F-11D3-BF4B-00C04F79EFBC}") = "software", "Assembly-CSharp.csproj", "{46F87AA8-3CE3-E048-637D-2192B065FB19}"
EndProject
Project("{FAE04EC0-301F-11D3-BF4B-00C04F79EFBC}") = "software", "Assembly-CSharp-Editor-firstpass.csproj", "{52A87AF5-830D-5B5A-F280-208034029E14}"
EndProject
Global
	GlobalSection(SolutionConfigurationPlatforms) = preSolution
		Debug|Any CPU = Debug|Any CPU
		Release|Any CPU = Release|Any CPU
	EndGlobalSection
	GlobalSection(ProjectConfigurationPlatforms) = postSolution
		{729254B4-EEED-57F4-AEA4-92AF42D6AC13}.Debug|Any CPU.ActiveCfg = Debug|Any CPU
		{729254B4-EEED-57F4-AEA4-92AF42D6AC13}.Debug|Any CPU.Build.0 = Debug|Any CPU
		{729254B4-EEED-57F4-AEA4-92AF42D6AC13}.Release|Any CPU.ActiveCfg = Release|Any CPU
		{729254B4-EEED-57F4-AEA4-92AF42D6AC13}.Release|Any CPU.Build.0 = Release|Any CPU
		{46F87AA8-3CE3-E048-637D-2192B065FB19}.Debug|Any CPU.ActiveCfg = Debug|Any CPU
		{46F87AA8-3CE3-E048-637D-2192B065FB19}.Debug|Any CPU.Build.0 = Debug|Any CPU
		{46F87AA8-3CE3-E048-637D-2192B065FB19}.Release|Any CPU.ActiveCfg = Release|Any CPU
		{46F87AA8-3CE3-E048-637D-2192B065FB19}.Release|Any CPU.Build.0 = Release|Any CPU
		{52A87AF5-830D-5B5A-F280-208034029E14}.Debug|Any CPU.ActiveCfg = Debug|Any CPU
		{52A87AF5-830D-5B5A-F280-208034029E14}.Debug|Any CPU.Build.0 = Debug|Any CPU
		{52A87AF5-830D-5B5A-F280-208034029E14}.Release|Any CPU.ActiveCfg = Release|Any CPU
		{52A87AF5-830D-5B5A-F280-208034029E14}.Release|Any CPU.Build.0 = Release|Any CPU
	EndGlobalSection
	GlobalSection(SolutionProperties) = preSolution
		HideSolutionNode = FALSE
	EndGlobalSection
	GlobalSection(MonoDevelopProperties) = preSolution
		StartupItem = Assembly-CSharp.csproj
	EndGlobalSection
EndGlobal
